<?xml version="1.0" encoding="utf-8"?>
<Project ToolsVersion="4.0" xmlns="http://schemas.microsoft.com/developer/msbuild/2003">
  <ItemGroup>
    <Filter Include="Source Files">
      <UniqueIdentifier>{4FC737F1-C7A5-4376-A066-2A32D752A2FF}</UniqueIdentifier>
      <Extensions>cpp;c;cc;cxx;def;odl;idl;hpj;bat;asm;asmx</Extensions>
    </Filter>
    <Filter Include="Header Files">
      <UniqueIdentifier>{93995380-89BD-4b04-88EB-625FBE52EBFB}</UniqueIdentifier>
      <Extensions>h;hpp;hxx;hm;inl;inc;xsd</Extensions>
    </Filter>
  </ItemGroup>
  <ItemGroup>
    <ClCompile Include="Source\AIManager.cpp">
      <Filter>Source Files</Filter>
    </ClCompile>
    <ClCompile Include="Source\PosNode.cpp">
      <Filter>Source Files</Filter>
    </ClCompile>
    <ClCompile Include="Source\LevelMap_Nodes.cpp">
      <Filter>Source Files</Filter>
    </ClCompile>
    <ClCompile Include="Source\NormalZombie.cpp">
      <Filter>Source Files</Filter>
    </ClCompile>
    <ClCompile Include="Source\Zombie.cpp">
      <Filter>Source Files</Filter>
    </ClCompile>
    <ClCompile Include="Source\SmartZombie.cpp">
      <Filter>Source Files</Filter>
    </ClCompile>
    <ClCompile Include="Source\TankZombie.cpp">
      <Filter>Source Files</Filter>
    </ClCompile>
    <ClCompile Include="Source\HunterZombie.cpp">
      <Filter>Source Files</Filter>
    </ClCompile>
  </ItemGroup>
  <ItemGroup>
    <ClInclude Include="Source\AIManager.h">
      <Filter>Header Files</Filter>
    </ClInclude>
    <ClInclude Include="Source\PosNode.h">
      <Filter>Header Files</Filter>
    </ClInclude>
    <ClInclude Include="Source\LevelMap_Nodes.h">
      <Filter>Header Files</Filter>
    </ClInclude>
    <ClInclude Include="Source\NormalZombie.h">
      <Filter>Header Files</Filter>
    </ClInclude>
    <ClInclude Include="Source\Zombie.h">
      <Filter>Header Files</Filter>
    </ClInclude>
    <ClInclude Include="Source\SmartZombie.h">
      <Filter>Header Files</Filter>
    </ClInclude>
    <ClInclude Include="Source\TankZombie.h">
      <Filter>Header Files</Filter>
    </ClInclude>
    <ClInclude Include="Source\HunterZombie.h">
      <Filter>Header Files</Filter>
    </ClInclude>
  </ItemGroup>
</Project>